// !$*UTF8*$!
{
	archiveVersion = 1;
	classes = {
	};
	objectVersion = 46;
	objects = {

/* Begin PBXBuildFile section */
		518468E719C6496900243F0B /* Foundation.framework in Frameworks */ = {isa = PBXBuildFile; fileRef = 518468E619C6496900243F0B /* Foundation.framework */; };
		518468E919C6496900243F0B /* CoreGraphics.framework in Frameworks */ = {isa = PBXBuildFile; fileRef = 518468E819C6496900243F0B /* CoreGraphics.framework */; };
		518468EB19C6496900243F0B /* UIKit.framework in Frameworks */ = {isa = PBXBuildFile; fileRef = 518468EA19C6496900243F0B /* UIKit.framework */; };
		518468F119C6496A00243F0B /* InfoPlist.strings in Resources */ = {isa = PBXBuildFile; fileRef = 518468EF19C6496A00243F0B /* InfoPlist.strings */; };
		518468F319C6496A00243F0B /* main.m in Sources */ = {isa = PBXBuildFile; fileRef = 518468F219C6496A00243F0B /* main.m */; };
		518468F719C6496A00243F0B /* KFAMAppDelegate.m in Sources */ = {isa = PBXBuildFile; fileRef = 518468F619C6496A00243F0B /* KFAMAppDelegate.m */; };
		518468FA19C6496A00243F0B /* Main.storyboard in Resources */ = {isa = PBXBuildFile; fileRef = 518468F819C6496A00243F0B /* Main.storyboard */; };
		518468FD19C6496A00243F0B /* KFAMViewController.m in Sources */ = {isa = PBXBuildFile; fileRef = 518468FC19C6496A00243F0B /* KFAMViewController.m */; };
		518468FF19C6496A00243F0B /* Images.xcassets in Resources */ = {isa = PBXBuildFile; fileRef = 518468FE19C6496A00243F0B /* Images.xcassets */; };
		5184690619C6496A00243F0B /* XCTest.framework in Frameworks */ = {isa = PBXBuildFile; fileRef = 5184690519C6496A00243F0B /* XCTest.framework */; };
		5184690719C6496A00243F0B /* Foundation.framework in Frameworks */ = {isa = PBXBuildFile; fileRef = 518468E619C6496900243F0B /* Foundation.framework */; };
		5184690819C6496A00243F0B /* UIKit.framework in Frameworks */ = {isa = PBXBuildFile; fileRef = 518468EA19C6496900243F0B /* UIKit.framework */; };
		5184691019C6496A00243F0B /* InfoPlist.strings in Resources */ = {isa = PBXBuildFile; fileRef = 5184690E19C6496A00243F0B /* InfoPlist.strings */; };
		5184691219C6496A00243F0B /* Sudoku_GridTests.m in Sources */ = {isa = PBXBuildFile; fileRef = 5184691119C6496A00243F0B /* Sudoku_GridTests.m */; };
		5184691D19C6499300243F0B /* KFAMGridView.m in Sources */ = {isa = PBXBuildFile; fileRef = 5184691C19C6499300243F0B /* KFAMGridView.m */; };
		E84B377119D5D85D00D7A4A3 /* grid1.txt in Resources */ = {isa = PBXBuildFile; fileRef = E84B377019D5D85D00D7A4A3 /* grid1.txt */; };
		E84B377D19D5E1C000D7A4A3 /* KFAMGridGenerator.m in Sources */ = {isa = PBXBuildFile; fileRef = E84B377C19D5E1C000D7A4A3 /* KFAMGridGenerator.m */; };
		E84B378619D8EF0D00D7A4A3 /* launchimg.png in Resources */ = {isa = PBXBuildFile; fileRef = E84B378519D8EF0D00D7A4A3 /* launchimg.png */; };
		E84B378A19D8F29000D7A4A3 /* backgroundimg.png in Resources */ = {isa = PBXBuildFile; fileRef = E84B378919D8F29000D7A4A3 /* backgroundimg.png */; };
		E84B378C19D8F90700D7A4A3 /* restartbuttonimg.png in Resources */ = {isa = PBXBuildFile; fileRef = E84B378B19D8F90700D7A4A3 /* restartbuttonimg.png */; };
		E873DABF19CCC2FF003C9533 /* KFAMGridModel.m in Sources */ = {isa = PBXBuildFile; fileRef = E873DABE19CCC2FF003C9533 /* KFAMGridModel.m */; };
		E873DAC219CCC315003C9533 /* KFAMNumPadView.m in Sources */ = {isa = PBXBuildFile; fileRef = E873DAC119CCC315003C9533 /* KFAMNumPadView.m */; };
/* End PBXBuildFile section */

/* Begin PBXContainerItemProxy section */
		5184690919C6496A00243F0B /* PBXContainerItemProxy */ = {
			isa = PBXContainerItemProxy;
			containerPortal = 518468DB19C6496900243F0B /* Project object */;
			proxyType = 1;
			remoteGlobalIDString = 518468E219C6496900243F0B;
			remoteInfo = "Sudoku Grid";
		};
/* End PBXContainerItemProxy section */

/* Begin PBXFileReference section */
		518468E319C6496900243F0B /* Sudoku Grid.app */ = {isa = PBXFileReference; explicitFileType = wrapper.application; includeInIndex = 0; path = "Sudoku Grid.app"; sourceTree = BUILT_PRODUCTS_DIR; };
		518468E619C6496900243F0B /* Foundation.framework */ = {isa = PBXFileReference; lastKnownFileType = wrapper.framework; name = Foundation.framework; path = System/Library/Frameworks/Foundation.framework; sourceTree = SDKROOT; };
		518468E819C6496900243F0B /* CoreGraphics.framework */ = {isa = PBXFileReference; lastKnownFileType = wrapper.framework; name = CoreGraphics.framework; path = System/Library/Frameworks/CoreGraphics.framework; sourceTree = SDKROOT; };
		518468EA19C6496900243F0B /* UIKit.framework */ = {isa = PBXFileReference; lastKnownFileType = wrapper.framework; name = UIKit.framework; path = System/Library/Frameworks/UIKit.framework; sourceTree = SDKROOT; };
		518468EE19C6496A00243F0B /* Sudoku Grid-Info.plist */ = {isa = PBXFileReference; lastKnownFileType = text.plist.xml; path = "Sudoku Grid-Info.plist"; sourceTree = "<group>"; };
		518468F019C6496A00243F0B /* en */ = {isa = PBXFileReference; lastKnownFileType = text.plist.strings; name = en; path = en.lproj/InfoPlist.strings; sourceTree = "<group>"; };
		518468F219C6496A00243F0B /* main.m */ = {isa = PBXFileReference; lastKnownFileType = sourcecode.c.objc; path = main.m; sourceTree = "<group>"; };
		518468F419C6496A00243F0B /* Sudoku Grid-Prefix.pch */ = {isa = PBXFileReference; lastKnownFileType = sourcecode.c.h; path = "Sudoku Grid-Prefix.pch"; sourceTree = "<group>"; };
		518468F519C6496A00243F0B /* KFAMAppDelegate.h */ = {isa = PBXFileReference; lastKnownFileType = sourcecode.c.h; path = KFAMAppDelegate.h; sourceTree = "<group>"; };
		518468F619C6496A00243F0B /* KFAMAppDelegate.m */ = {isa = PBXFileReference; lastKnownFileType = sourcecode.c.objc; path = KFAMAppDelegate.m; sourceTree = "<group>"; };
		518468F919C6496A00243F0B /* Base */ = {isa = PBXFileReference; lastKnownFileType = file.storyboard; name = Base; path = Base.lproj/Main.storyboard; sourceTree = "<group>"; };
		518468FB19C6496A00243F0B /* KFAMViewController.h */ = {isa = PBXFileReference; lastKnownFileType = sourcecode.c.h; path = KFAMViewController.h; sourceTree = "<group>"; };
		518468FC19C6496A00243F0B /* KFAMViewController.m */ = {isa = PBXFileReference; lastKnownFileType = sourcecode.c.objc; lineEnding = 0; path = KFAMViewController.m; sourceTree = "<group>"; xcLanguageSpecificationIdentifier = xcode.lang.objc; };
		518468FE19C6496A00243F0B /* Images.xcassets */ = {isa = PBXFileReference; lastKnownFileType = folder.assetcatalog; path = Images.xcassets; sourceTree = "<group>"; };
		5184690419C6496A00243F0B /* Sudoku GridTests.xctest */ = {isa = PBXFileReference; explicitFileType = wrapper.cfbundle; includeInIndex = 0; path = "Sudoku GridTests.xctest"; sourceTree = BUILT_PRODUCTS_DIR; };
		5184690519C6496A00243F0B /* XCTest.framework */ = {isa = PBXFileReference; lastKnownFileType = wrapper.framework; name = XCTest.framework; path = Library/Frameworks/XCTest.framework; sourceTree = DEVELOPER_DIR; };
		5184690D19C6496A00243F0B /* Sudoku GridTests-Info.plist */ = {isa = PBXFileReference; lastKnownFileType = text.plist.xml; path = "Sudoku GridTests-Info.plist"; sourceTree = "<group>"; };
		5184690F19C6496A00243F0B /* en */ = {isa = PBXFileReference; lastKnownFileType = text.plist.strings; name = en; path = en.lproj/InfoPlist.strings; sourceTree = "<group>"; };
		5184691119C6496A00243F0B /* Sudoku_GridTests.m */ = {isa = PBXFileReference; lastKnownFileType = sourcecode.c.objc; path = Sudoku_GridTests.m; sourceTree = "<group>"; };
		5184691B19C6499300243F0B /* KFAMGridView.h */ = {isa = PBXFileReference; fileEncoding = 4; lastKnownFileType = sourcecode.c.h; lineEnding = 0; path = KFAMGridView.h; sourceTree = "<group>"; xcLanguageSpecificationIdentifier = xcode.lang.objcpp; };
		5184691C19C6499300243F0B /* KFAMGridView.m */ = {isa = PBXFileReference; fileEncoding = 4; lastKnownFileType = sourcecode.c.objc; lineEnding = 0; path = KFAMGridView.m; sourceTree = "<group>"; xcLanguageSpecificationIdentifier = xcode.lang.objc; };
		E84B377019D5D85D00D7A4A3 /* grid1.txt */ = {isa = PBXFileReference; fileEncoding = 4; lastKnownFileType = text; path = grid1.txt; sourceTree = "<group>"; };
		E84B377B19D5E1C000D7A4A3 /* KFAMGridGenerator.h */ = {isa = PBXFileReference; fileEncoding = 4; lastKnownFileType = sourcecode.c.h; name = KFAMGridGenerator.h; path = ../KFAMGridGenerator.h; sourceTree = "<group>"; };
		E84B377C19D5E1C000D7A4A3 /* KFAMGridGenerator.m */ = {isa = PBXFileReference; fileEncoding = 4; lastKnownFileType = sourcecode.c.objc; name = KFAMGridGenerator.m; path = ../KFAMGridGenerator.m; sourceTree = "<group>"; };
		E84B378519D8EF0D00D7A4A3 /* launchimg.png */ = {isa = PBXFileReference; lastKnownFileType = image.png; path = launchimg.png; sourceTree = "<group>"; };
		E84B378919D8F29000D7A4A3 /* backgroundimg.png */ = {isa = PBXFileReference; lastKnownFileType = image.png; path = backgroundimg.png; sourceTree = "<group>"; };
		E84B378B19D8F90700D7A4A3 /* restartbuttonimg.png */ = {isa = PBXFileReference; lastKnownFileType = image.png; path = restartbuttonimg.png; sourceTree = "<group>"; };
		E873DABD19CCC2FF003C9533 /* KFAMGridModel.h */ = {isa = PBXFileReference; fileEncoding = 4; lastKnownFileType = sourcecode.c.h; path = KFAMGridModel.h; sourceTree = "<group>"; };
		E873DABE19CCC2FF003C9533 /* KFAMGridModel.m */ = {isa = PBXFileReference; fileEncoding = 4; indentWidth = 4; lastKnownFileType = sourcecode.c.objc; path = KFAMGridModel.m; sourceTree = "<group>"; };
		E873DAC019CCC315003C9533 /* KFAMNumPadView.h */ = {isa = PBXFileReference; fileEncoding = 4; lastKnownFileType = sourcecode.c.h; path = KFAMNumPadView.h; sourceTree = "<group>"; };
		E873DAC119CCC315003C9533 /* KFAMNumPadView.m */ = {isa = PBXFileReference; fileEncoding = 4; lastKnownFileType = sourcecode.c.objc; path = KFAMNumPadView.m; sourceTree = "<group>"; };
/* End PBXFileReference section */

/* Begin PBXFrameworksBuildPhase section */
		518468E019C6496900243F0B /* Frameworks */ = {
			isa = PBXFrameworksBuildPhase;
			buildActionMask = 2147483647;
			files = (
				518468E919C6496900243F0B /* CoreGraphics.framework in Frameworks */,
				518468EB19C6496900243F0B /* UIKit.framework in Frameworks */,
				518468E719C6496900243F0B /* Foundation.framework in Frameworks */,
			);
			runOnlyForDeploymentPostprocessing = 0;
		};
		5184690119C6496A00243F0B /* Frameworks */ = {
			isa = PBXFrameworksBuildPhase;
			buildActionMask = 2147483647;
			files = (
				5184690619C6496A00243F0B /* XCTest.framework in Frameworks */,
				5184690819C6496A00243F0B /* UIKit.framework in Frameworks */,
				5184690719C6496A00243F0B /* Foundation.framework in Frameworks */,
			);
			runOnlyForDeploymentPostprocessing = 0;
		};
/* End PBXFrameworksBuildPhase section */

/* Begin PBXGroup section */
		518468DA19C6496900243F0B = {
			isa = PBXGroup;
			children = (
				518468EC19C6496A00243F0B /* Sudoku Grid */,
				5184690B19C6496A00243F0B /* Sudoku GridTests */,
				518468E519C6496900243F0B /* Frameworks */,
				518468E419C6496900243F0B /* Products */,
			);
			sourceTree = "<group>";
		};
		518468E419C6496900243F0B /* Products */ = {
			isa = PBXGroup;
			children = (
				518468E319C6496900243F0B /* Sudoku Grid.app */,
				5184690419C6496A00243F0B /* Sudoku GridTests.xctest */,
			);
			name = Products;
			sourceTree = "<group>";
		};
		518468E519C6496900243F0B /* Frameworks */ = {
			isa = PBXGroup;
			children = (
				518468E619C6496900243F0B /* Foundation.framework */,
				518468E819C6496900243F0B /* CoreGraphics.framework */,
				518468EA19C6496900243F0B /* UIKit.framework */,
				5184690519C6496A00243F0B /* XCTest.framework */,
			);
			name = Frameworks;
			sourceTree = "<group>";
		};
		518468EC19C6496A00243F0B /* Sudoku Grid */ = {
			isa = PBXGroup;
			children = (
				518468F519C6496A00243F0B /* KFAMAppDelegate.h */,
				E84B377B19D5E1C000D7A4A3 /* KFAMGridGenerator.h */,
				E84B377C19D5E1C000D7A4A3 /* KFAMGridGenerator.m */,
				E873DABD19CCC2FF003C9533 /* KFAMGridModel.h */,
				E873DABE19CCC2FF003C9533 /* KFAMGridModel.m */,
				E873DAC019CCC315003C9533 /* KFAMNumPadView.h */,
				E873DAC119CCC315003C9533 /* KFAMNumPadView.m */,
				5184691B19C6499300243F0B /* KFAMGridView.h */,
				5184691C19C6499300243F0B /* KFAMGridView.m */,
				518468F619C6496A00243F0B /* KFAMAppDelegate.m */,
				518468F819C6496A00243F0B /* Main.storyboard */,
				518468FB19C6496A00243F0B /* KFAMViewController.h */,
				518468FC19C6496A00243F0B /* KFAMViewController.m */,
				518468FE19C6496A00243F0B /* Images.xcassets */,
				518468ED19C6496A00243F0B /* Supporting Files */,
			);
			path = "Sudoku Grid";
			sourceTree = "<group>";
		};
		518468ED19C6496A00243F0B /* Supporting Files */ = {
			isa = PBXGroup;
			children = (
				E84B378B19D8F90700D7A4A3 /* restartbuttonimg.png */,
				E84B378919D8F29000D7A4A3 /* backgroundimg.png */,
				E84B378519D8EF0D00D7A4A3 /* launchimg.png */,
				E84B377019D5D85D00D7A4A3 /* grid1.txt */,
				518468EE19C6496A00243F0B /* Sudoku Grid-Info.plist */,
				518468EF19C6496A00243F0B /* InfoPlist.strings */,
				518468F219C6496A00243F0B /* main.m */,
				518468F419C6496A00243F0B /* Sudoku Grid-Prefix.pch */,
			);
			name = "Supporting Files";
			sourceTree = "<group>";
		};
		5184690B19C6496A00243F0B /* Sudoku GridTests */ = {
			isa = PBXGroup;
			children = (
				5184691119C6496A00243F0B /* Sudoku_GridTests.m */,
				5184690C19C6496A00243F0B /* Supporting Files */,
			);
			path = "Sudoku GridTests";
			sourceTree = "<group>";
		};
		5184690C19C6496A00243F0B /* Supporting Files */ = {
			isa = PBXGroup;
			children = (
				5184690D19C6496A00243F0B /* Sudoku GridTests-Info.plist */,
				5184690E19C6496A00243F0B /* InfoPlist.strings */,
			);
			name = "Supporting Files";
			sourceTree = "<group>";
		};
/* End PBXGroup section */

/* Begin PBXNativeTarget section */
		518468E219C6496900243F0B /* Sudoku Grid */ = {
			isa = PBXNativeTarget;
			buildConfigurationList = 5184691519C6496A00243F0B /* Build configuration list for PBXNativeTarget "Sudoku Grid" */;
			buildPhases = (
				518468DF19C6496900243F0B /* Sources */,
				518468E019C6496900243F0B /* Frameworks */,
				518468E119C6496900243F0B /* Resources */,
				E8EA393919D918F90029F970 /* ShellScript */,
			);
			buildRules = (
			);
			dependencies = (
			);
			name = "Sudoku Grid";
			productName = "Sudoku Grid";
			productReference = 518468E319C6496900243F0B /* Sudoku Grid.app */;
			productType = "com.apple.product-type.application";
		};
		5184690319C6496A00243F0B /* Sudoku GridTests */ = {
			isa = PBXNativeTarget;
			buildConfigurationList = 5184691819C6496A00243F0B /* Build configuration list for PBXNativeTarget "Sudoku GridTests" */;
			buildPhases = (
				5184690019C6496A00243F0B /* Sources */,
				5184690119C6496A00243F0B /* Frameworks */,
				5184690219C6496A00243F0B /* Resources */,
			);
			buildRules = (
			);
			dependencies = (
				5184690A19C6496A00243F0B /* PBXTargetDependency */,
			);
			name = "Sudoku GridTests";
			productName = "Sudoku GridTests";
			productReference = 5184690419C6496A00243F0B /* Sudoku GridTests.xctest */;
			productType = "com.apple.product-type.bundle.unit-test";
		};
/* End PBXNativeTarget section */

/* Begin PBXProject section */
		518468DB19C6496900243F0B /* Project object */ = {
			isa = PBXProject;
			attributes = {
				CLASSPREFIX = KFAM;
				LastUpgradeCheck = 0510;
				ORGANIZATIONNAME = "Kate Finlay, Alejandro Mendoza";
				TargetAttributes = {
					5184690319C6496A00243F0B = {
						TestTargetID = 518468E219C6496900243F0B;
					};
				};
			};
			buildConfigurationList = 518468DE19C6496900243F0B /* Build configuration list for PBXProject "Sudoku Grid" */;
			compatibilityVersion = "Xcode 3.2";
			developmentRegion = English;
			hasScannedForEncodings = 0;
			knownRegions = (
				en,
				Base,
			);
			mainGroup = 518468DA19C6496900243F0B;
			productRefGroup = 518468E419C6496900243F0B /* Products */;
			projectDirPath = "";
			projectRoot = "";
			targets = (
				518468E219C6496900243F0B /* Sudoku Grid */,
				5184690319C6496A00243F0B /* Sudoku GridTests */,
			);
		};
/* End PBXProject section */

/* Begin PBXResourcesBuildPhase section */
		518468E119C6496900243F0B /* Resources */ = {
			isa = PBXResourcesBuildPhase;
			buildActionMask = 2147483647;
			files = (
				518468FF19C6496A00243F0B /* Images.xcassets in Resources */,
				518468F119C6496A00243F0B /* InfoPlist.strings in Resources */,
				E84B377119D5D85D00D7A4A3 /* grid1.txt in Resources */,
				E84B378C19D8F90700D7A4A3 /* restartbuttonimg.png in Resources */,
				E84B378619D8EF0D00D7A4A3 /* launchimg.png in Resources */,
				518468FA19C6496A00243F0B /* Main.storyboard in Resources */,
				E84B378A19D8F29000D7A4A3 /* backgroundimg.png in Resources */,
			);
			runOnlyForDeploymentPostprocessing = 0;
		};
		5184690219C6496A00243F0B /* Resources */ = {
			isa = PBXResourcesBuildPhase;
			buildActionMask = 2147483647;
			files = (
				5184691019C6496A00243F0B /* InfoPlist.strings in Resources */,
			);
			runOnlyForDeploymentPostprocessing = 0;
		};
/* End PBXResourcesBuildPhase section */

/* Begin PBXShellScriptBuildPhase section */
		E8EA393919D918F90029F970 /* ShellScript */ = {
			isa = PBXShellScriptBuildPhase;
			buildActionMask = 2147483647;
			files = (
			);
			inputPaths = (
			);
			outputPaths = (
			);
			runOnlyForDeploymentPostprocessing = 0;
			shellPath = /bin/sh;
			shellScript = XcodeCoverage/exportenv.sh;
		};
/* End PBXShellScriptBuildPhase section */

/* Begin PBXSourcesBuildPhase section */
		518468DF19C6496900243F0B /* Sources */ = {
			isa = PBXSourcesBuildPhase;
			buildActionMask = 2147483647;
			files = (
				518468FD19C6496A00243F0B /* KFAMViewController.m in Sources */,
				E84B377D19D5E1C000D7A4A3 /* KFAMGridGenerator.m in Sources */,
				5184691D19C6499300243F0B /* KFAMGridView.m in Sources */,
				E873DAC219CCC315003C9533 /* KFAMNumPadView.m in Sources */,
				518468F319C6496A00243F0B /* main.m in Sources */,
				518468F719C6496A00243F0B /* KFAMAppDelegate.m in Sources */,
				E873DABF19CCC2FF003C9533 /* KFAMGridModel.m in Sources */,
			);
			runOnlyForDeploymentPostprocessing = 0;
		};
		5184690019C6496A00243F0B /* Sources */ = {
			isa = PBXSourcesBuildPhase;
			buildActionMask = 2147483647;
			files = (
				5184691219C6496A00243F0B /* Sudoku_GridTests.m in Sources */,
			);
			runOnlyForDeploymentPostprocessing = 0;
		};
/* End PBXSourcesBuildPhase section */

/* Begin PBXTargetDependency section */
		5184690A19C6496A00243F0B /* PBXTargetDependency */ = {
			isa = PBXTargetDependency;
			target = 518468E219C6496900243F0B /* Sudoku Grid */;
			targetProxy = 5184690919C6496A00243F0B /* PBXContainerItemProxy */;
		};
/* End PBXTargetDependency section */

/* Begin PBXVariantGroup section */
		518468EF19C6496A00243F0B /* InfoPlist.strings */ = {
			isa = PBXVariantGroup;
			children = (
				518468F019C6496A00243F0B /* en */,
			);
			name = InfoPlist.strings;
			sourceTree = "<group>";
		};
		518468F819C6496A00243F0B /* Main.storyboard */ = {
			isa = PBXVariantGroup;
			children = (
				518468F919C6496A00243F0B /* Base */,
			);
			name = Main.storyboard;
			sourceTree = "<group>";
		};
		5184690E19C6496A00243F0B /* InfoPlist.strings */ = {
			isa = PBXVariantGroup;
			children = (
				5184690F19C6496A00243F0B /* en */,
			);
			name = InfoPlist.strings;
			sourceTree = "<group>";
		};
/* End PBXVariantGroup section */

/* Begin XCBuildConfiguration section */
		5184691319C6496A00243F0B /* Debug */ = {
			isa = XCBuildConfiguration;
			buildSettings = {
				ALWAYS_SEARCH_USER_PATHS = NO;
				CLANG_CXX_LANGUAGE_STANDARD = "gnu++0x";
				CLANG_CXX_LIBRARY = "libc++";
				CLANG_ENABLE_MODULES = YES;
				CLANG_ENABLE_OBJC_ARC = YES;
				CLANG_WARN_BOOL_CONVERSION = YES;
				CLANG_WARN_CONSTANT_CONVERSION = YES;
				CLANG_WARN_DIRECT_OBJC_ISA_USAGE = YES_ERROR;
				CLANG_WARN_EMPTY_BODY = YES;
				CLANG_WARN_ENUM_CONVERSION = YES;
				CLANG_WARN_INT_CONVERSION = YES;
				CLANG_WARN_OBJC_ROOT_CLASS = YES_ERROR;
				CLANG_WARN__DUPLICATE_METHOD_MATCH = YES;
				"CODE_SIGN_IDENTITY[sdk=iphoneos*]" = "iPhone Developer";
				COPY_PHASE_STRIP = NO;
				GCC_C_LANGUAGE_STANDARD = gnu99;
				GCC_DYNAMIC_NO_PIC = NO;
				GCC_GENERATE_TEST_COVERAGE_FILES = YES;
				GCC_INSTRUMENT_PROGRAM_FLOW_ARCS = YES;
				GCC_OPTIMIZATION_LEVEL = 0;
				GCC_PREPROCESSOR_DEFINITIONS = (
					"DEBUG=1",
					"$(inherited)",
				);
				GCC_SYMBOLS_PRIVATE_EXTERN = NO;
				GCC_WARN_64_TO_32_BIT_CONVERSION = YES;
				GCC_WARN_ABOUT_RETURN_TYPE = YES_ERROR;
				GCC_WARN_UNDECLARED_SELECTOR = YES;
				GCC_WARN_UNINITIALIZED_AUTOS = YES_AGGRESSIVE;
				GCC_WARN_UNUSED_FUNCTION = YES;
				GCC_WARN_UNUSED_VARIABLE = YES;
				IPHONEOS_DEPLOYMENT_TARGET = 7.1;
				ONLY_ACTIVE_ARCH = YES;
				SDKROOT = iphoneos;
				TARGETED_DEVICE_FAMILY = 2;
			};
			name = Debug;
		};
		5184691419C6496A00243F0B /* Release */ = {
			isa = XCBuildConfiguration;
			buildSettings = {
				ALWAYS_SEARCH_USER_PATHS = NO;
				CLANG_CXX_LANGUAGE_STANDARD = "gnu++0x";
				CLANG_CXX_LIBRARY = "libc++";
				CLANG_ENABLE_MODULES = YES;
				CLANG_ENABLE_OBJC_ARC = YES;
				CLANG_WARN_BOOL_CONVERSION = YES;
				CLANG_WARN_CONSTANT_CONVERSION = YES;
				CLANG_WARN_DIRECT_OBJC_ISA_USAGE = YES_ERROR;
				CLANG_WARN_EMPTY_BODY = YES;
				CLANG_WARN_ENUM_CONVERSION = YES;
				CLANG_WARN_INT_CONVERSION = YES;
				CLANG_WARN_OBJC_ROOT_CLASS = YES_ERROR;
				CLANG_WARN__DUPLICATE_METHOD_MATCH = YES;
				"CODE_SIGN_IDENTITY[sdk=iphoneos*]" = "iPhone Developer";
				COPY_PHASE_STRIP = YES;
				ENABLE_NS_ASSERTIONS = NO;
				GCC_C_LANGUAGE_STANDARD = gnu99;
				GCC_GENERATE_TEST_COVERAGE_FILES = YES;
				GCC_INSTRUMENT_PROGRAM_FLOW_ARCS = YES;
				GCC_WARN_64_TO_32_BIT_CONVERSION = YES;
				GCC_WARN_ABOUT_RETURN_TYPE = YES_ERROR;
				GCC_WARN_UNDECLARED_SELECTOR = YES;
				GCC_WARN_UNINITIALIZED_AUTOS = YES_AGGRESSIVE;
				GCC_WARN_UNUSED_FUNCTION = YES;
				GCC_WARN_UNUSED_VARIABLE = YES;
				IPHONEOS_DEPLOYMENT_TARGET = 7.1;
				SDKROOT = iphoneos;
				TARGETED_DEVICE_FAMILY = 2;
				VALIDATE_PRODUCT = YES;
			};
			name = Release;
		};
		5184691619C6496A00243F0B /* Debug */ = {
			isa = XCBuildConfiguration;
			buildSettings = {
				ASSETCATALOG_COMPILER_APPICON_NAME = AppIcon;
				ASSETCATALOG_COMPILER_LAUNCHIMAGE_NAME = LaunchImage;
				GCC_PRECOMPILE_PREFIX_HEADER = YES;
				GCC_PREFIX_HEADER = "Sudoku Grid/Sudoku Grid-Prefix.pch";
				INFOPLIST_FILE = "Sudoku Grid/Sudoku Grid-Info.plist";
				PRODUCT_NAME = "$(TARGET_NAME)";
				WRAPPER_EXTENSION = app;
			};
			name = Debug;
		};
		5184691719C6496A00243F0B /* Release */ = {
			isa = XCBuildConfiguration;
			buildSettings = {
				ASSETCATALOG_COMPILER_APPICON_NAME = AppIcon;
				ASSETCATALOG_COMPILER_LAUNCHIMAGE_NAME = LaunchImage;
				GCC_GENERATE_TEST_COVERAGE_FILES = NO;
				GCC_INSTRUMENT_PROGRAM_FLOW_ARCS = NO;
				GCC_PRECOMPILE_PREFIX_HEADER = YES;
				GCC_PREFIX_HEADER = "Sudoku Grid/Sudoku Grid-Prefix.pch";
				INFOPLIST_FILE = "Sudoku Grid/Sudoku Grid-Info.plist";
				PRODUCT_NAME = "$(TARGET_NAME)";
				WRAPPER_EXTENSION = app;
			};
			name = Release;
		};
		5184691919C6496A00243F0B /* Debug */ = {
			isa = XCBuildConfiguration;
			buildSettings = {
				BUNDLE_LOADER = "$(BUILT_PRODUCTS_DIR)/Sudoku Grid.app/Sudoku Grid";
				FRAMEWORK_SEARCH_PATHS = (
					"$(SDKROOT)/Developer/Library/Frameworks",
					"$(inherited)",
					"$(DEVELOPER_FRAMEWORKS_DIR)",
				);
				GCC_PRECOMPILE_PREFIX_HEADER = YES;
				GCC_PREFIX_HEADER = "Sudoku Grid/Sudoku Grid-Prefix.pch";
				GCC_PREPROCESSOR_DEFINITIONS = (
					"DEBUG=1",
					"$(inherited)",
				);
				INFOPLIST_FILE = "Sudoku GridTests/Sudoku GridTests-Info.plist";
				PRODUCT_NAME = "$(TARGET_NAME)";
				TEST_HOST = "$(BUNDLE_LOADER)";
				WRAPPER_EXTENSION = xctest;
			};
			name = Debug;
		};
		5184691A19C6496A00243F0B /* Release */ = {
			isa = XCBuildConfiguration;
			buildSettings = {
				BUNDLE_LOADER = "$(BUILT_PRODUCTS_DIR)/Sudoku Grid.app/Sudoku Grid";
				FRAMEWORK_SEARCH_PATHS = (
					"$(SDKROOT)/Developer/Library/Frameworks",
					"$(inherited)",
					"$(DEVELOPER_FRAMEWORKS_DIR)",
				);
				GCC_PRECOMPILE_PREFIX_HEADER = YES;
				GCC_PREFIX_HEADER = "Sudoku Grid/Sudoku Grid-Prefix.pch";
				INFOPLIST_FILE = "Sudoku GridTests/Sudoku GridTests-Info.plist";
				PRODUCT_NAME = "$(TARGET_NAME)";
				TEST_HOST = "$(BUNDLE_LOADER)";
				WRAPPER_EXTENSION = xctest;
			};
			name = Release;
		};
/* End XCBuildConfiguration section */

/* Begin XCConfigurationList section */
		518468DE19C6496900243F0B /* Build configuration list for PBXProject "Sudoku Grid" */ = {
			isa = XCConfigurationList;
			buildConfigurations = (
				5184691319C6496A00243F0B /* Debug */,
				5184691419C6496A00243F0B /* Release */,
			);
			defaultConfigurationIsVisible = 0;
			defaultConfigurationName = Release;
		};
		5184691519C6496A00243F0B /* Build configuration list for PBXNativeTarget "Sudoku Grid" */ = {
			isa = XCConfigurationList;
			buildConfigurations = (
				5184691619C6496A00243F0B /* Debug */,
				5184691719C6496A00243F0B /* Release */,
			);
			defaultConfigurationIsVisible = 0;
			defaultConfigurationName = Release;
		};
		5184691819C6496A00243F0B /* Build configuration list for PBXNativeTarget "Sudoku GridTests" */ = {
			isa = XCConfigurationList;
			buildConfigurations = (
				5184691919C6496A00243F0B /* Debug */,
				5184691A19C6496A00243F0B /* Release */,
			);
			defaultConfigurationIsVisible = 0;
			defaultConfigurationName = Release;
		};
/* End XCConfigurationList section */
	};
	rootObject = 518468DB19C6496900243F0B /* Project object */;
}
